<?xml version="1.0" encoding="utf-8"?>
<Project ToolsVersion="16.0" xmlns="http://schemas.microsoft.com/developer/msbuild/2003">
  <ItemGroup>
    <CustomBuild Include="D:\Sources\Current Projects\Foxy\Foxy 1.XX.X\vendor\json\CMakeFiles\86c094760d28d6ebb4802d8d763c747a\INSTALL_force.rule">
      <Filter>CMake Rules</Filter>
    </CustomBuild>
  </ItemGroup>
  <ItemGroup>
    <Filter Include="CMake Rules">
      <UniqueIdentifier>{646D149E-5767-3EE0-B3F7-1B79600B5AE3}</UniqueIdentifier>
    </Filter>
  </ItemGroup>
</Project>
